// !$*UTF8*$!
{
	archiveVersion = 1;
	classes = {
	};
	objectVersion = 46;
	objects = {

/* Begin PBXBuildFile section */
		5D53D0621C1A61FB00A036E1 /* psb.jpg in Resources */ = {isa = PBXBuildFile; fileRef = 5D53D0611C1A61FB00A036E1 /* psb.jpg */; };
		5DAD39681C19692A006A2290 /* main.m in Sources */ = {isa = PBXBuildFile; fileRef = 5DAD39671C19692A006A2290 /* main.m */; };
		5DAD396B1C19692A006A2290 /* AppDelegate.m in Sources */ = {isa = PBXBuildFile; fileRef = 5DAD396A1C19692A006A2290 /* AppDelegate.m */; };
		5DAD396E1C19692A006A2290 /* ViewController.m in Sources */ = {isa = PBXBuildFile; fileRef = 5DAD396D1C19692A006A2290 /* ViewController.m */; };
		5DAD39711C19692A006A2290 /* Main.storyboard in Resources */ = {isa = PBXBuildFile; fileRef = 5DAD396F1C19692A006A2290 /* Main.storyboard */; };
		5DAD39731C19692A006A2290 /* Assets.xcassets in Resources */ = {isa = PBXBuildFile; fileRef = 5DAD39721C19692A006A2290 /* Assets.xcassets */; };
		5DAD39761C19692A006A2290 /* LaunchScreen.storyboard in Resources */ = {isa = PBXBuildFile; fileRef = 5DAD39741C19692A006A2290 /* LaunchScreen.storyboard */; };
		5DAD39801C196B28006A2290 /* ImgBrowserView.m in Sources */ = {isa = PBXBuildFile; fileRef = 5DAD397F1C196B28006A2290 /* ImgBrowserView.m */; };
/* End PBXBuildFile section */

/* Begin PBXFileReference section */
		5D53D0611C1A61FB00A036E1 /* psb.jpg */ = {isa = PBXFileReference; lastKnownFileType = image.jpeg; path = psb.jpg; sourceTree = "<group>"; };
		5DAD39631C19692A006A2290 /* ImgBrowser.app */ = {isa = PBXFileReference; explicitFileType = wrapper.application; includeInIndex = 0; path = ImgBrowser.app; sourceTree = BUILT_PRODUCTS_DIR; };
		5DAD39671C19692A006A2290 /* main.m */ = {isa = PBXFileReference; lastKnownFileType = sourcecode.c.objc; path = main.m; sourceTree = "<group>"; };
		5DAD39691C19692A006A2290 /* AppDelegate.h */ = {isa = PBXFileReference; lastKnownFileType = sourcecode.c.h; path = AppDelegate.h; sourceTree = "<group>"; };
		5DAD396A1C19692A006A2290 /* AppDelegate.m */ = {isa = PBXFileReference; lastKnownFileType = sourcecode.c.objc; path = AppDelegate.m; sourceTree = "<group>"; };
		5DAD396C1C19692A006A2290 /* ViewController.h */ = {isa = PBXFileReference; lastKnownFileType = sourcecode.c.h; path = ViewController.h; sourceTree = "<group>"; };
		5DAD396D1C19692A006A2290 /* ViewController.m */ = {isa = PBXFileReference; lastKnownFileType = sourcecode.c.objc; path = ViewController.m; sourceTree = "<group>"; };
		5DAD39701C19692A006A2290 /* Base */ = {isa = PBXFileReference; lastKnownFileType = file.storyboard; name = Base; path = Base.lproj/Main.storyboard; sourceTree = "<group>"; };
		5DAD39721C19692A006A2290 /* Assets.xcassets */ = {isa = PBXFileReference; lastKnownFileType = folder.assetcatalog; path = Assets.xcassets; sourceTree = "<group>"; };
		5DAD39751C19692A006A2290 /* Base */ = {isa = PBXFileReference; lastKnownFileType = file.storyboard; name = Base; path = Base.lproj/LaunchScreen.storyboard; sourceTree = "<group>"; };
		5DAD39771C19692A006A2290 /* Info.plist */ = {isa = PBXFileReference; lastKnownFileType = text.plist.xml; path = Info.plist; sourceTree = "<group>"; };
		5DAD397E1C196B28006A2290 /* ImgBrowserView.h */ = {isa = PBXFileReference; fileEncoding = 4; lastKnownFileType = sourcecode.c.h; path = ImgBrowserView.h; sourceTree = "<group>"; };
		5DAD397F1C196B28006A2290 /* ImgBrowserView.m */ = {isa = PBXFileReference; fileEncoding = 4; lastKnownFileType = sourcecode.c.objc; path = ImgBrowserView.m; sourceTree = "<group>"; };
/* End PBXFileReference section */

/* Begin PBXFrameworksBuildPhase section */
		5DAD39601C19692A006A2290 /* Frameworks */ = {
			isa = PBXFrameworksBuildPhase;
			buildActionMask = 2147483647;
			files = (
			);
			runOnlyForDeploymentPostprocessing = 0;
		};
/* End PBXFrameworksBuildPhase section */

/* Begin PBXGroup section */
		5DAD395A1C19692A006A2290 = {
			isa = PBXGroup;
			children = (
				5DAD39651C19692A006A2290 /* ImgBrowser */,
				5DAD39641C19692A006A2290 /* Products */,
			);
			sourceTree = "<group>";
		};
		5DAD39641C19692A006A2290 /* Products */ = {
			isa = PBXGroup;
			children = (
				5DAD39631C19692A006A2290 /* ImgBrowser.app */,
			);
			name = Products;
			sourceTree = "<group>";
		};
		5DAD39651C19692A006A2290 /* ImgBrowser */ = {
			isa = PBXGroup;
			children = (
				5DAD397D1C196AEF006A2290 /* LPImgBrowser */,
				5DAD39691C19692A006A2290 /* AppDelegate.h */,
				5DAD396A1C19692A006A2290 /* AppDelegate.m */,
				5DAD396C1C19692A006A2290 /* ViewController.h */,
				5DAD396D1C19692A006A2290 /* ViewController.m */,
				5D53D0611C1A61FB00A036E1 /* psb.jpg */,
				5DAD396F1C19692A006A2290 /* Main.storyboard */,
				5DAD39721C19692A006A2290 /* Assets.xcassets */,
				5DAD39741C19692A006A2290 /* LaunchScreen.storyboard */,
				5DAD39771C19692A006A2290 /* Info.plist */,
				5DAD39661C19692A006A2290 /* Supporting Files */,
			);
			path = ImgBrowser;
			sourceTree = "<group>";
		};
		5DAD39661C19692A006A2290 /* Supporting Files */ = {
			isa = PBXGroup;
			children = (
				5DAD39671C19692A006A2290 /* main.m */,
			);
			name = "Supporting Files";
			sourceTree = "<group>";
		};
		5DAD397D1C196AEF006A2290 /* LPImgBrowser */ = {
			isa = PBXGroup;
			children = (
				5DAD397E1C196B28006A2290 /* ImgBrowserView.h */,
				5DAD397F1C196B28006A2290 /* ImgBrowserView.m */,
			);
			path = LPImgBrowser;
			sourceTree = "<group>";
		};
/* End PBXGroup section */

/* Begin PBXNativeTarget section */
		5DAD39621C19692A006A2290 /* ImgBrowser */ = {
			isa = PBXNativeTarget;
			buildConfigurationList = 5DAD397A1C19692A006A2290 /* Build configuration list for PBXNativeTarget "ImgBrowser" */;
			buildPhases = (
				5DAD395F1C19692A006A2290 /* Sources */,
				5DAD39601C19692A006A2290 /* Frameworks */,
				5DAD39611C19692A006A2290 /* Resources */,
			);
			buildRules = (
			);
			dependencies = (
			);
			name = ImgBrowser;
			productName = ImgBrowser;
			productReference = 5DAD39631C19692A006A2290 /* ImgBrowser.app */;
			productType = "com.apple.product-type.application";
		};
/* End PBXNativeTarget section */

/* Begin PBXProject section */
		5DAD395B1C19692A006A2290 /* Project object */ = {
			isa = PBXProject;
			attributes = {
				LastUpgradeCheck = 0710;
				ORGANIZATIONNAME = LPiOS;
				TargetAttributes = {
					5DAD39621C19692A006A2290 = {
						CreatedOnToolsVersion = 7.1;
					};
				};
			};
			buildConfigurationList = 5DAD395E1C19692A006A2290 /* Build configuration list for PBXProject "ImgBrowser" */;
			compatibilityVersion = "Xcode 3.2";
			developmentRegion = English;
			hasScannedForEncodings = 0;
			knownRegions = (
				en,
				Base,
			);
			mainGroup = 5DAD395A1C19692A006A2290;
			productRefGroup = 5DAD39641C19692A006A2290 /* Products */;
			projectDirPath = "";
			projectRoot = "";
			targets = (
				5DAD39621C19692A006A2290 /* ImgBrowser */,
			);
		};
/* End PBXProject section */

/* Begin PBXResourcesBuildPhase section */
		5DAD39611C19692A006A2290 /* Resources */ = {
			isa = PBXResourcesBuildPhase;
			buildActionMask = 2147483647;
			files = (
				5DAD39761C19692A006A2290 /* LaunchScreen.storyboard in Resources */,
				5DAD39731C19692A006A2290 /* Assets.xcassets in Resources */,
				5DAD39711C19692A006A2290 /* Main.storyboard in Resources */,
				5D53D0621C1A61FB00A036E1 /* psb.jpg in Resources */,
			);
			runOnlyForDeploymentPostprocessing = 0;
		};
/* End PBXResourcesBuildPhase section */

/* Begin PBXSourcesBuildPhase section */
		5DAD395F1C19692A006A2290 /* Sources */ = {
			isa = PBXSourcesBuildPhase;
			buildActionMask = 2147483647;
			files = (
				5DAD396E1C19692A006A2290 /* ViewController.m in Sources */,
				5DAD396B1C19692A006A2290 /* AppDelegate.m in Sources */,
				5DAD39681C19692A006A2290 /* main.m in Sources */,
				5DAD39801C196B28006A2290 /* ImgBrowserView.m in Sources */,
			);
			runOnlyForDeploymentPostprocessing = 0;
		};
/* End PBXSourcesBuildPhase section */

/* Begin PBXVariantGroup section */
		5DAD396F1C19692A006A2290 /* Main.storyboard */ = {
			isa = PBXVariantGroup;
			children = (
				5DAD39701C19692A006A2290 /* Base */,
			);
			name = Main.storyboard;
			sourceTree = "<group>";
		};
		5DAD39741C19692A006A2290 /* LaunchScreen.storyboard */ = {
			isa = PBXVariantGroup;
			children = (
				5DAD39751C19692A006A2290 /* Base */,
			);
			name = LaunchScreen.storyboard;
			sourceTree = "<group>";
		};
/* End PBXVariantGroup section */

/* Begin XCBuildConfiguration section */
		5DAD39781C19692A006A2290 /* Debug */ = {
			isa = XCBuildConfiguration;
			buildSettings = {
				ALWAYS_SEARCH_USER_PATHS = NO;
				CLANG_CXX_LANGUAGE_STANDARD = "gnu++0x";
				CLANG_CXX_LIBRARY = "libc++";
				CLANG_ENABLE_MODULES = YES;
				CLANG_ENABLE_OBJC_ARC = YES;
				CLANG_WARN_BOOL_CONVERSION = YES;
				CLANG_WARN_CONSTANT_CONVERSION = YES;
				CLANG_WARN_DIRECT_OBJC_ISA_USAGE = YES_ERROR;
				CLANG_WARN_EMPTY_BODY = YES;
				CLANG_WARN_ENUM_CONVERSION = YES;
				CLANG_WARN_INT_CONVERSION = YES;
				CLANG_WARN_OBJC_ROOT_CLASS = YES_ERROR;
				CLANG_WARN_UNREACHABLE_CODE = YES;
				CLANG_WARN__DUPLICATE_METHOD_MATCH = YES;
				"CODE_SIGN_IDENTITY[sdk=iphoneos*]" = "iPhone Developer";
				COPY_PHASE_STRIP = NO;
				DEBUG_INFORMATION_FORMAT = dwarf;
				ENABLE_STRICT_OBJC_MSGSEND = YES;
				ENABLE_TESTABILITY = YES;
				GCC_C_LANGUAGE_STANDARD = gnu99;
				GCC_DYNAMIC_NO_PIC = NO;
				GCC_NO_COMMON_BLOCKS = YES;
				GCC_OPTIMIZATION_LEVEL = 0;
				GCC_PREPROCESSOR_DEFINITIONS = (
					"DEBUG=1",
					"$(inherited)",
				);
				GCC_WARN_64_TO_32_BIT_CONVERSION = YES;
				GCC_WARN_ABOUT_RETURN_TYPE = YES_ERROR;
				GCC_WARN_UNDECLARED_SELECTOR = YES;
				GCC_WARN_UNINITIALIZED_AUTOS = YES_AGGRESSIVE;
				GCC_WARN_UNUSED_FUNCTION = YES;
				GCC_WARN_UNUSED_VARIABLE = YES;
				IPHONEOS_DEPLOYMENT_TARGET = 9.1;
				MTL_ENABLE_DEBUG_INFO = YES;
				ONLY_ACTIVE_ARCH = YES;
				SDKROOT = iphoneos;
				TARGETED_DEVICE_FAMILY = "1,2";
			};
			name = Debug;
		};
		5DAD39791C19692A006A2290 /* Release */ = {
			isa = XCBuildConfiguration;
			buildSettings = {
				ALWAYS_SEARCH_USER_PATHS = NO;
				CLANG_CXX_LANGUAGE_STANDARD = "gnu++0x";
				CLANG_CXX_LIBRARY = "libc++";
				CLANG_ENABLE_MODULES = YES;
				CLANG_ENABLE_OBJC_ARC = YES;
				CLANG_WARN_BOOL_CONVERSION = YES;
				CLANG_WARN_CONSTANT_CONVERSION = YES;
				CLANG_WARN_DIRECT_OBJC_ISA_USAGE = YES_ERROR;
				CLANG_WARN_EMPTY_BODY = YES;
				CLANG_WARN_ENUM_CONVERSION = YES;
				CLANG_WARN_INT_CONVERSION = YES;
				CLANG_WARN_OBJC_ROOT_CLASS = YES_ERROR;
				CLANG_WARN_UNREACHABLE_CODE = YES;
				CLANG_WARN__DUPLICATE_METHOD_MATCH = YES;
				"CODE_SIGN_IDENTITY[sdk=iphoneos*]" = "iPhone Developer";
				COPY_PHASE_STRIP = NO;
				DEBUG_INFORMATION_FORMAT = "dwarf-with-dsym";
				ENABLE_NS_ASSERTIONS = NO;
				ENABLE_STRICT_OBJC_MSGSEND = YES;
				GCC_C_LANGUAGE_STANDARD = gnu99;
				GCC_NO_COMMON_BLOCKS = YES;
				GCC_WARN_64_TO_32_BIT_CONVERSION = YES;
				GCC_WARN_ABOUT_RETURN_TYPE = YES_ERROR;
				GCC_WARN_UNDECLARED_SELECTOR = YES;
				GCC_WARN_UNINITIALIZED_AUTOS = YES_AGGRESSIVE;
				GCC_WARN_UNUSED_FUNCTION = YES;
				GCC_WARN_UNUSED_VARIABLE = YES;
				IPHONEOS_DEPLOYMENT_TARGET = 9.1;
				MTL_ENABLE_DEBUG_INFO = NO;
				SDKROOT = iphoneos;
				TARGETED_DEVICE_FAMILY = "1,2";
				VALIDATE_PRODUCT = YES;
			};
			name = Release;
		};
		5DAD397B1C19692A006A2290 /* Debug */ = {
			isa = XCBuildConfiguration;
			buildSettings = {
				ASSETCATALOG_COMPILER_APPICON_NAME = AppIcon;
				INFOPLIST_FILE = ImgBrowser/Info.plist;
				LD_RUNPATH_SEARCH_PATHS = "$(inherited) @executable_path/Frameworks";
				PRODUCT_BUNDLE_IDENTIFIER = LP.ImgBrowser;
				PRODUCT_NAME = "$(TARGET_NAME)";
			};
			name = Debug;
		};
		5DAD397C1C19692A006A2290 /* Release */ = {
			isa = XCBuildConfiguration;
			buildSettings = {
				ASSETCATALOG_COMPILER_APPICON_NAME = AppIcon;
				INFOPLIST_FILE = ImgBrowser/Info.plist;
				LD_RUNPATH_SEARCH_PATHS = "$(inherited) @executable_path/Frameworks";
				PRODUCT_BUNDLE_IDENTIFIER = LP.ImgBrowser;
				PRODUCT_NAME = "$(TARGET_NAME)";
			};
			name = Release;
		};
/* End XCBuildConfiguration section */

/* Begin XCConfigurationList section */
		5DAD395E1C19692A006A2290 /* Build configuration list for PBXProject "ImgBrowser" */ = {
			isa = XCConfigurationList;
			buildConfigurations = (
				5DAD39781C19692A006A2290 /* Debug */,
				5DAD39791C19692A006A2290 /* Release */,
			);
			defaultConfigurationIsVisible = 0;
			defaultConfigurationName = Release;
		};
		5DAD397A1C19692A006A2290 /* Build configuration list for PBXNativeTarget "ImgBrowser" */ = {
			isa = XCConfigurationList;
			buildConfigurations = (
				5DAD397B1C19692A006A2290 /* Debug */,
				5DAD397C1C19692A006A2290 /* Release */,
			);
			defaultConfigurationIsVisible = 0;
			defaultConfigurationName = Release;
		};
/* End XCConfigurationList section */
	};
	rootObject = 5DAD395B1C19692A006A2290 /* Project object */;
}
